// !$*UTF8*$!
{
	archiveVersion = 1;
	classes = {
	};
	objectVersion = 50;
	objects = {

/* Begin PBXBuildFile section */
		1F102EB928BC43BC00D4026F /* MyCollectionViewCell.swift in Sources */ = {isa = PBXBuildFile; fileRef = 1F102EB828BC43BC00D4026F /* MyCollectionViewCell.swift */; };
		1FD3306728BC393B006D9787 /* AppDelegate.swift in Sources */ = {isa = PBXBuildFile; fileRef = 1FD3306628BC393B006D9787 /* AppDelegate.swift */; };
		1FD3306928BC393B006D9787 /* SceneDelegate.swift in Sources */ = {isa = PBXBuildFile; fileRef = 1FD3306828BC393B006D9787 /* SceneDelegate.swift */; };
		1FD3306B28BC393B006D9787 /* ViewController.swift in Sources */ = {isa = PBXBuildFile; fileRef = 1FD3306A28BC393B006D9787 /* ViewController.swift */; };
		1FD3306E28BC393B006D9787 /* Main.storyboard in Resources */ = {isa = PBXBuildFile; fileRef = 1FD3306C28BC393B006D9787 /* Main.storyboard */; };
		1FD3307028BC393E006D9787 /* Assets.xcassets in Resources */ = {isa = PBXBuildFile; fileRef = 1FD3306F28BC393E006D9787 /* Assets.xcassets */; };
		1FD3307328BC393E006D9787 /* LaunchScreen.storyboard in Resources */ = {isa = PBXBuildFile; fileRef = 1FD3307128BC393E006D9787 /* LaunchScreen.storyboard */; };
		1FE45CD528BCADCB00A446DA /* pokemon_bg.jpeg in Resources */ = {isa = PBXBuildFile; fileRef = 1FE45CD428BCADCB00A446DA /* pokemon_bg.jpeg */; };
		1FE45CDB28BCB46500A446DA /* pokemon_bg_selected.jpeg in Resources */ = {isa = PBXBuildFile; fileRef = 1FE45CDA28BCB46500A446DA /* pokemon_bg_selected.jpeg */; };
/* End PBXBuildFile section */

/* Begin PBXFileReference section */
		1F102EB828BC43BC00D4026F /* MyCollectionViewCell.swift */ = {isa = PBXFileReference; lastKnownFileType = sourcecode.swift; path = MyCollectionViewCell.swift; sourceTree = "<group>"; };
		1FD3306328BC393B006D9787 /* Verkada Pokedex Project.app */ = {isa = PBXFileReference; explicitFileType = wrapper.application; includeInIndex = 0; path = "Verkada Pokedex Project.app"; sourceTree = BUILT_PRODUCTS_DIR; };
		1FD3306628BC393B006D9787 /* AppDelegate.swift */ = {isa = PBXFileReference; lastKnownFileType = sourcecode.swift; path = AppDelegate.swift; sourceTree = "<group>"; };
		1FD3306828BC393B006D9787 /* SceneDelegate.swift */ = {isa = PBXFileReference; lastKnownFileType = sourcecode.swift; path = SceneDelegate.swift; sourceTree = "<group>"; };
		1FD3306A28BC393B006D9787 /* ViewController.swift */ = {isa = PBXFileReference; lastKnownFileType = sourcecode.swift; path = ViewController.swift; sourceTree = "<group>"; };
		1FD3306D28BC393B006D9787 /* Base */ = {isa = PBXFileReference; lastKnownFileType = file.storyboard; name = Base; path = Base.lproj/Main.storyboard; sourceTree = "<group>"; };
		1FD3306F28BC393E006D9787 /* Assets.xcassets */ = {isa = PBXFileReference; lastKnownFileType = folder.assetcatalog; path = Assets.xcassets; sourceTree = "<group>"; };
		1FD3307228BC393E006D9787 /* Base */ = {isa = PBXFileReference; lastKnownFileType = file.storyboard; name = Base; path = Base.lproj/LaunchScreen.storyboard; sourceTree = "<group>"; };
		1FD3307428BC393E006D9787 /* Info.plist */ = {isa = PBXFileReference; lastKnownFileType = text.plist.xml; path = Info.plist; sourceTree = "<group>"; };
		1FE45CD428BCADCB00A446DA /* pokemon_bg.jpeg */ = {isa = PBXFileReference; lastKnownFileType = image.jpeg; path = pokemon_bg.jpeg; sourceTree = "<group>"; };
		1FE45CDA28BCB46500A446DA /* pokemon_bg_selected.jpeg */ = {isa = PBXFileReference; lastKnownFileType = image.jpeg; path = pokemon_bg_selected.jpeg; sourceTree = "<group>"; };
/* End PBXFileReference section */

/* Begin PBXFrameworksBuildPhase section */
		1FD3306028BC393B006D9787 /* Frameworks */ = {
			isa = PBXFrameworksBuildPhase;
			buildActionMask = 2147483647;
			files = (
			);
			runOnlyForDeploymentPostprocessing = 0;
		};
/* End PBXFrameworksBuildPhase section */

/* Begin PBXGroup section */
		1FD3305A28BC393B006D9787 = {
			isa = PBXGroup;
			children = (
				1FD3306528BC393B006D9787 /* Verkada Pokedex Project */,
				1FD3306428BC393B006D9787 /* Products */,
			);
			sourceTree = "<group>";
		};
		1FD3306428BC393B006D9787 /* Products */ = {
			isa = PBXGroup;
			children = (
				1FD3306328BC393B006D9787 /* Verkada Pokedex Project.app */,
			);
			name = Products;
			sourceTree = "<group>";
		};
		1FD3306528BC393B006D9787 /* Verkada Pokedex Project */ = {
			isa = PBXGroup;
			children = (
				1FD3306628BC393B006D9787 /* AppDelegate.swift */,
				1FD3306828BC393B006D9787 /* SceneDelegate.swift */,
				1FD3306A28BC393B006D9787 /* ViewController.swift */,
				1FD3306C28BC393B006D9787 /* Main.storyboard */,
				1F102EB828BC43BC00D4026F /* MyCollectionViewCell.swift */,
				1FD3306F28BC393E006D9787 /* Assets.xcassets */,
				1FD3307128BC393E006D9787 /* LaunchScreen.storyboard */,
				1FD3307428BC393E006D9787 /* Info.plist */,
				1FE45CDA28BCB46500A446DA /* pokemon_bg_selected.jpeg */,
				1FE45CD428BCADCB00A446DA /* pokemon_bg.jpeg */,
			);
			path = "Verkada Pokedex Project";
			sourceTree = "<group>";
		};
/* End PBXGroup section */

/* Begin PBXNativeTarget section */
		1FD3306228BC393B006D9787 /* Verkada Pokedex Project */ = {
			isa = PBXNativeTarget;
			buildConfigurationList = 1FD3307728BC393E006D9787 /* Build configuration list for PBXNativeTarget "Verkada Pokedex Project" */;
			buildPhases = (
				1FD3305F28BC393B006D9787 /* Sources */,
				1FD3306028BC393B006D9787 /* Frameworks */,
				1FD3306128BC393B006D9787 /* Resources */,
			);
			buildRules = (
			);
			dependencies = (
			);
			name = "Verkada Pokedex Project";
			productName = "Verkada Pokedex Project";
			productReference = 1FD3306328BC393B006D9787 /* Verkada Pokedex Project.app */;
			productType = "com.apple.product-type.application";
		};
/* End PBXNativeTarget section */

/* Begin PBXProject section */
		1FD3305B28BC393B006D9787 /* Project object */ = {
			isa = PBXProject;
			attributes = {
				LastSwiftUpdateCheck = 1250;
				LastUpgradeCheck = 1250;
				TargetAttributes = {
					1FD3306228BC393B006D9787 = {
						CreatedOnToolsVersion = 12.5.1;
					};
				};
			};
			buildConfigurationList = 1FD3305E28BC393B006D9787 /* Build configuration list for PBXProject "Verkada Pokedex Project" */;
			compatibilityVersion = "Xcode 9.3";
			developmentRegion = en;
			hasScannedForEncodings = 0;
			knownRegions = (
				en,
				Base,
			);
			mainGroup = 1FD3305A28BC393B006D9787;
			productRefGroup = 1FD3306428BC393B006D9787 /* Products */;
			projectDirPath = "";
			projectRoot = "";
			targets = (
				1FD3306228BC393B006D9787 /* Verkada Pokedex Project */,
			);
		};
/* End PBXProject section */

/* Begin PBXResourcesBuildPhase section */
		1FD3306128BC393B006D9787 /* Resources */ = {
			isa = PBXResourcesBuildPhase;
			buildActionMask = 2147483647;
			files = (
				1FE45CDB28BCB46500A446DA /* pokemon_bg_selected.jpeg in Resources */,
				1FE45CD528BCADCB00A446DA /* pokemon_bg.jpeg in Resources */,
				1FD3307328BC393E006D9787 /* LaunchScreen.storyboard in Resources */,
				1FD3307028BC393E006D9787 /* Assets.xcassets in Resources */,
				1FD3306E28BC393B006D9787 /* Main.storyboard in Resources */,
			);
			runOnlyForDeploymentPostprocessing = 0;
		};
/* End PBXResourcesBuildPhase section */

/* Begin PBXSourcesBuildPhase section */
		1FD3305F28BC393B006D9787 /* Sources */ = {
			isa = PBXSourcesBuildPhase;
			buildActionMask = 2147483647;
			files = (
				1FD3306B28BC393B006D9787 /* ViewController.swift in Sources */,
				1FD3306728BC393B006D9787 /* AppDelegate.swift in Sources */,
				1F102EB928BC43BC00D4026F /* MyCollectionViewCell.swift in Sources */,
				1FD3306928BC393B006D9787 /* SceneDelegate.swift in Sources */,
			);
			runOnlyForDeploymentPostprocessing = 0;
		};
/* End PBXSourcesBuildPhase section */

/* Begin PBXVariantGroup section */
		1FD3306C28BC393B006D9787 /* Main.storyboard */ = {
			isa = PBXVariantGroup;
			children = (
				1FD3306D28BC393B006D9787 /* Base */,
			);
			name = Main.storyboard;
			sourceTree = "<group>";
		};
		1FD3307128BC393E006D9787 /* LaunchScreen.storyboard */ = {
			isa = PBXVariantGroup;
			children = (
				1FD3307228BC393E006D9787 /* Base */,
			);
			name = LaunchScreen.storyboard;
			sourceTree = "<group>";
		};
/* End PBXVariantGroup section */

/* Begin XCBuildConfiguration section */
		1FD3307528BC393E006D9787 /* Debug */ = {
			isa = XCBuildConfiguration;
			buildSettings = {
				ALWAYS_SEARCH_USER_PATHS = NO;
				CLANG_ANALYZER_NONNULL = YES;
				CLANG_ANALYZER_NUMBER_OBJECT_CONVERSION = YES_AGGRESSIVE;
				CLANG_CXX_LANGUAGE_STANDARD = "gnu++14";
				CLANG_CXX_LIBRARY = "libc++";
				CLANG_ENABLE_MODULES = YES;
				CLANG_ENABLE_OBJC_ARC = YES;
				CLANG_ENABLE_OBJC_WEAK = YES;
				CLANG_WARN_BLOCK_CAPTURE_AUTORELEASING = YES;
				CLANG_WARN_BOOL_CONVERSION = YES;
				CLANG_WARN_COMMA = YES;
				CLANG_WARN_CONSTANT_CONVERSION = YES;
				CLANG_WARN_DEPRECATED_OBJC_IMPLEMENTATIONS = YES;
				CLANG_WARN_DIRECT_OBJC_ISA_USAGE = YES_ERROR;
				CLANG_WARN_DOCUMENTATION_COMMENTS = YES;
				CLANG_WARN_EMPTY_BODY = YES;
				CLANG_WARN_ENUM_CONVERSION = YES;
				CLANG_WARN_INFINITE_RECURSION = YES;
				CLANG_WARN_INT_CONVERSION = YES;
				CLANG_WARN_NON_LITERAL_NULL_CONVERSION = YES;
				CLANG_WARN_OBJC_IMPLICIT_RETAIN_SELF = YES;
				CLANG_WARN_OBJC_LITERAL_CONVERSION = YES;
				CLANG_WARN_OBJC_ROOT_CLASS = YES_ERROR;
				CLANG_WARN_QUOTED_INCLUDE_IN_FRAMEWORK_HEADER = YES;
				CLANG_WARN_RANGE_LOOP_ANALYSIS = YES;
				CLANG_WARN_STRICT_PROTOTYPES = YES;
				CLANG_WARN_SUSPICIOUS_MOVE = YES;
				CLANG_WARN_UNGUARDED_AVAILABILITY = YES_AGGRESSIVE;
				CLANG_WARN_UNREACHABLE_CODE = YES;
				CLANG_WARN__DUPLICATE_METHOD_MATCH = YES;
				COPY_PHASE_STRIP = NO;
				DEBUG_INFORMATION_FORMAT = dwarf;
				ENABLE_STRICT_OBJC_MSGSEND = YES;
				ENABLE_TESTABILITY = YES;
				GCC_C_LANGUAGE_STANDARD = gnu11;
				GCC_DYNAMIC_NO_PIC = NO;
				GCC_NO_COMMON_BLOCKS = YES;
				GCC_OPTIMIZATION_LEVEL = 0;
				GCC_PREPROCESSOR_DEFINITIONS = (
					"DEBUG=1",
					"$(inherited)",
				);
				GCC_WARN_64_TO_32_BIT_CONVERSION = YES;
				GCC_WARN_ABOUT_RETURN_TYPE = YES_ERROR;
				GCC_WARN_UNDECLARED_SELECTOR = YES;
				GCC_WARN_UNINITIALIZED_AUTOS = YES_AGGRESSIVE;
				GCC_WARN_UNUSED_FUNCTION = YES;
				GCC_WARN_UNUSED_VARIABLE = YES;
				IPHONEOS_DEPLOYMENT_TARGET = 14.5;
				MTL_ENABLE_DEBUG_INFO = INCLUDE_SOURCE;
				MTL_FAST_MATH = YES;
				ONLY_ACTIVE_ARCH = YES;
				SDKROOT = iphoneos;
				SWIFT_ACTIVE_COMPILATION_CONDITIONS = DEBUG;
				SWIFT_OPTIMIZATION_LEVEL = "-Onone";
			};
			name = Debug;
		};
		1FD3307628BC393E006D9787 /* Release */ = {
			isa = XCBuildConfiguration;
			buildSettings = {
				ALWAYS_SEARCH_USER_PATHS = NO;
				CLANG_ANALYZER_NONNULL = YES;
				CLANG_ANALYZER_NUMBER_OBJECT_CONVERSION = YES_AGGRESSIVE;
				CLANG_CXX_LANGUAGE_STANDARD = "gnu++14";
				CLANG_CXX_LIBRARY = "libc++";
				CLANG_ENABLE_MODULES = YES;
				CLANG_ENABLE_OBJC_ARC = YES;
				CLANG_ENABLE_OBJC_WEAK = YES;
				CLANG_WARN_BLOCK_CAPTURE_AUTORELEASING = YES;
				CLANG_WARN_BOOL_CONVERSION = YES;
				CLANG_WARN_COMMA = YES;
				CLANG_WARN_CONSTANT_CONVERSION = YES;
				CLANG_WARN_DEPRECATED_OBJC_IMPLEMENTATIONS = YES;
				CLANG_WARN_DIRECT_OBJC_ISA_USAGE = YES_ERROR;
				CLANG_WARN_DOCUMENTATION_COMMENTS = YES;
				CLANG_WARN_EMPTY_BODY = YES;
				CLANG_WARN_ENUM_CONVERSION = YES;
				CLANG_WARN_INFINITE_RECURSION = YES;
				CLANG_WARN_INT_CONVERSION = YES;
				CLANG_WARN_NON_LITERAL_NULL_CONVERSION = YES;
				CLANG_WARN_OBJC_IMPLICIT_RETAIN_SELF = YES;
				CLANG_WARN_OBJC_LITERAL_CONVERSION = YES;
				CLANG_WARN_OBJC_ROOT_CLASS = YES_ERROR;
				CLANG_WARN_QUOTED_INCLUDE_IN_FRAMEWORK_HEADER = YES;
				CLANG_WARN_RANGE_LOOP_ANALYSIS = YES;
				CLANG_WARN_STRICT_PROTOTYPES = YES;
				CLANG_WARN_SUSPICIOUS_MOVE = YES;
				CLANG_WARN_UNGUARDED_AVAILABILITY = YES_AGGRESSIVE;
				CLANG_WARN_UNREACHABLE_CODE = YES;
				CLANG_WARN__DUPLICATE_METHOD_MATCH = YES;
				COPY_PHASE_STRIP = NO;
				DEBUG_INFORMATION_FORMAT = "dwarf-with-dsym";
				ENABLE_NS_ASSERTIONS = NO;
				ENABLE_STRICT_OBJC_MSGSEND = YES;
				GCC_C_LANGUAGE_STANDARD = gnu11;
				GCC_NO_COMMON_BLOCKS = YES;
				GCC_WARN_64_TO_32_BIT_CONVERSION = YES;
				GCC_WARN_ABOUT_RETURN_TYPE = YES_ERROR;
				GCC_WARN_UNDECLARED_SELECTOR = YES;
				GCC_WARN_UNINITIALIZED_AUTOS = YES_AGGRESSIVE;
				GCC_WARN_UNUSED_FUNCTION = YES;
				GCC_WARN_UNUSED_VARIABLE = YES;
				IPHONEOS_DEPLOYMENT_TARGET = 14.5;
				MTL_ENABLE_DEBUG_INFO = NO;
				MTL_FAST_MATH = YES;
				SDKROOT = iphoneos;
				SWIFT_COMPILATION_MODE = wholemodule;
				SWIFT_OPTIMIZATION_LEVEL = "-O";
				VALIDATE_PRODUCT = YES;
			};
			name = Release;
		};
		1FD3307828BC393E006D9787 /* Debug */ = {
			isa = XCBuildConfiguration;
			buildSettings = {
				ASSETCATALOG_COMPILER_APPICON_NAME = AppIcon;
				ASSETCATALOG_COMPILER_GLOBAL_ACCENT_COLOR_NAME = AccentColor;
				CODE_SIGN_STYLE = Automatic;
				INFOPLIST_FILE = "Verkada Pokedex Project/Info.plist";
				LD_RUNPATH_SEARCH_PATHS = (
					"$(inherited)",
					"@executable_path/Frameworks",
				);
				PRODUCT_BUNDLE_IDENTIFIER = "LenaK.Verkada-Pokedex-Project";
				PRODUCT_NAME = "$(TARGET_NAME)";
				SWIFT_VERSION = 5.0;
				TARGETED_DEVICE_FAMILY = "1,2";
			};
			name = Debug;
		};
		1FD3307928BC393E006D9787 /* Release */ = {
			isa = XCBuildConfiguration;
			buildSettings = {
				ASSETCATALOG_COMPILER_APPICON_NAME = AppIcon;
				ASSETCATALOG_COMPILER_GLOBAL_ACCENT_COLOR_NAME = AccentColor;
				CODE_SIGN_STYLE = Automatic;
				INFOPLIST_FILE = "Verkada Pokedex Project/Info.plist";
				LD_RUNPATH_SEARCH_PATHS = (
					"$(inherited)",
					"@executable_path/Frameworks",
				);
				PRODUCT_BUNDLE_IDENTIFIER = "LenaK.Verkada-Pokedex-Project";
				PRODUCT_NAME = "$(TARGET_NAME)";
				SWIFT_VERSION = 5.0;
				TARGETED_DEVICE_FAMILY = "1,2";
			};
			name = Release;
		};
/* End XCBuildConfiguration section */

/* Begin XCConfigurationList section */
		1FD3305E28BC393B006D9787 /* Build configuration list for PBXProject "Verkada Pokedex Project" */ = {
			isa = XCConfigurationList;
			buildConfigurations = (
				1FD3307528BC393E006D9787 /* Debug */,
				1FD3307628BC393E006D9787 /* Release */,
			);
			defaultConfigurationIsVisible = 0;
			defaultConfigurationName = Release;
		};
		1FD3307728BC393E006D9787 /* Build configuration list for PBXNativeTarget "Verkada Pokedex Project" */ = {
			isa = XCConfigurationList;
			buildConfigurations = (
				1FD3307828BC393E006D9787 /* Debug */,
				1FD3307928BC393E006D9787 /* Release */,
			);
			defaultConfigurationIsVisible = 0;
			defaultConfigurationName = Release;
		};
/* End XCConfigurationList section */
	};
	rootObject = 1FD3305B28BC393B006D9787 /* Project object */;
}
